
Microsoft Visual Studio Solution File, Format Version 12.00
# Visual Studio 2013
VisualStudioVersion = 12.0.21005.1
MinimumVisualStudioVersion = 10.0.40219.1
Project("{8BC9CEB8-8B4A-11D0-8D11-00A0C91BC942}") = "linerList", "linerList\linerList.vcxproj", "{6403E572-C58F-4EBD-A470-4BF2F3BC30FC}"
EndProject
Global
	GlobalSection(SolutionConfigurationPlatforms) = preSolution
		Debug|Win32 = Debug|Win32
		Release|Win32 = Release|Win32
	EndGlobalSection
	GlobalSection(ProjectConfigurationPlatforms) = postSolution
		{6403E572-C58F-4EBD-A470-4BF2F3BC30FC}.Debug|Win32.ActiveCfg = Debug|Win32
		{6403E572-C58F-4EBD-A470-4BF2F3BC30FC}.Debug|Win32.Build.0 = Debug|Win32
		{6403E572-C58F-4EBD-A470-4BF2F3BC30FC}.Release|Win32.ActiveCfg = Release|Win32
		{6403E572-C58F-4EBD-A470-4BF2F3BC30FC}.Release|Win32.Build.0 = Release|Win32
	EndGlobalSection
	GlobalSection(SolutionProperties) = preSolution
		HideSolutionNode = FALSE
	EndGlobalSection
EndGlobal
